dependencies:
  espressif/esp-dsp:
    component_hash: 3e7bbd487f1357a1d4944d0c85966d049501ea281b8a4c7f93f7cfedd5b7f23d
    dependencies:
    - name: idf
      require: private
      version: '>=4.2'
    source:
      registry_url: https://components.espressif.com/
      type: service
    version: 1.4.12
  espressif/nghttp:
    component_hash: c52b83cc3d1083ae669751534ea4f7445974b86d91d49a5273bdb0fbf87f34d6
    dependencies:
    - name: idf
      require: private
      version: '>=5.0'
    source:
      registry_url: https://components.espressif.com/
      type: service
    version: 1.62.1
  idf:
    source:
      type: idf
    version: 5.2.2
direct_dependencies:
- espressif/esp-dsp
- espressif/nghttp
- idf
manifest_hash: b653b7b64cf790c3622d335da2fd22c62f613872db7430f5bc51d3b5606f5466
target: esp32s3
version: 2.0.0
